
Microsoft Visual Studio Solution File, Format Version 12.00
# Visual Studio 2013
VisualStudioVersion = 12.0.21005.1
MinimumVisualStudioVersion = 10.0.40219.1
Project("{8BC9CEB8-8B4A-11D0-8D11-00A0C91BC942}") = "Pràctica1", "Pràctica1\Pràctica1.vcxproj", "{6D2748C5-EF97-4F2A-9E4E-A856CA122202}"
EndProject
Project("{8BC9CEB8-8B4A-11D0-8D11-00A0C91BC942}") = "UnitTest1", "UnitTest1\UnitTest1.vcxproj", "{C1379828-D565-4581-A8DF-7892DFE59344}"
EndProject
Global
	GlobalSection(SolutionConfigurationPlatforms) = preSolution
		Debug|Win32 = Debug|Win32
		Release|Win32 = Release|Win32
	EndGlobalSection
	GlobalSection(ProjectConfigurationPlatforms) = postSolution
		{6D2748C5-EF97-4F2A-9E4E-A856CA122202}.Debug|Win32.ActiveCfg = Debug|Win32
		{6D2748C5-EF97-4F2A-9E4E-A856CA122202}.Debug|Win32.Build.0 = Debug|Win32
		{6D2748C5-EF97-4F2A-9E4E-A856CA122202}.Release|Win32.ActiveCfg = Release|Win32
		{6D2748C5-EF97-4F2A-9E4E-A856CA122202}.Release|Win32.Build.0 = Release|Win32
		{C1379828-D565-4581-A8DF-7892DFE59344}.Debug|Win32.ActiveCfg = Debug|Win32
		{C1379828-D565-4581-A8DF-7892DFE59344}.Debug|Win32.Build.0 = Debug|Win32
		{C1379828-D565-4581-A8DF-7892DFE59344}.Release|Win32.ActiveCfg = Release|Win32
		{C1379828-D565-4581-A8DF-7892DFE59344}.Release|Win32.Build.0 = Release|Win32
	EndGlobalSection
	GlobalSection(SolutionProperties) = preSolution
		HideSolutionNode = FALSE
	EndGlobalSection
EndGlobal
